github.com/devfacet/gocmd v1.0.1 h1:uDIGQmGldyoSQz6BCn072kq1Vf+KeBYpuRHbG0TnZIw=
github.com/devfacet/gocmd v3.1.0+incompatible h1:dq4kjebjkOcUuLZkft+EiOBkqykg/gyGkmmwXlCknAE=
github.com/devfacet/gocmd v3.1.0+incompatible/go.mod h1:x7gvjyNNC603UbXm9tJYAe0TDEtbNsJqsqy5mjKyNaA=
golang.org/x/sync v0.0.0-20201207232520-09787c993a3a h1:DcqTD9SDLc+1P/r1EmRBwnVsrOwW+kk2vWf9n+1sGhs=
golang.org/x/sync v0.0.0-20201207232520-09787c993a3a/go.mod h1:RxMgew5VJxzue5/jJTE5uejpjVlOe/izrB70Jof72aM=
